// !$*UTF8*$!
{
	archiveVersion = 1;
	classes = {
	};
	objectVersion = 56;
	objects = {

/* Begin PBXBuildFile section */
		041AB6B42C8372C600854659 /* MainTabViewModel.swift in Sources */ = {isa = PBXBuildFile; fileRef = 041AB6B32C8372C600854659 /* MainTabViewModel.swift */; };
		041AB6B82C83768400854659 /* TabItemType.swift in Sources */ = {isa = PBXBuildFile; fileRef = 041AB6B72C83768400854659 /* TabItemType.swift */; };
		0465BB0C2C6BB3DE00AF9031 /* AgendaApp.swift in Sources */ = {isa = PBXBuildFile; fileRef = 0465BB0B2C6BB3DE00AF9031 /* AgendaApp.swift */; };
		0465BB0E2C6BB3DE00AF9031 /* MainTabView.swift in Sources */ = {isa = PBXBuildFile; fileRef = 0465BB0D2C6BB3DE00AF9031 /* MainTabView.swift */; };
		0465BB102C6BB3DF00AF9031 /* Assets.xcassets in Resources */ = {isa = PBXBuildFile; fileRef = 0465BB0F2C6BB3DF00AF9031 /* Assets.xcassets */; };
		0465BB132C6BB3DF00AF9031 /* Preview Assets.xcassets in Resources */ = {isa = PBXBuildFile; fileRef = 0465BB122C6BB3DF00AF9031 /* Preview Assets.xcassets */; };
		0465BB202C6BBD5400AF9031 /* CalendarView.swift in Sources */ = {isa = PBXBuildFile; fileRef = 0465BB1F2C6BBD5400AF9031 /* CalendarView.swift */; };
		0465BB222C6BBD5B00AF9031 /* GroceriesView.swift in Sources */ = {isa = PBXBuildFile; fileRef = 0465BB212C6BBD5B00AF9031 /* GroceriesView.swift */; };
		0465BB242C6BBD6500AF9031 /* TaskView.swift in Sources */ = {isa = PBXBuildFile; fileRef = 0465BB232C6BBD6500AF9031 /* TaskView.swift */; };
		0465BB262C6BBD8F00AF9031 /* TaskViewModel.swift in Sources */ = {isa = PBXBuildFile; fileRef = 0465BB252C6BBD8F00AF9031 /* TaskViewModel.swift */; };
		0465BB282C6BBDB900AF9031 /* GroceriesViewModel.swift in Sources */ = {isa = PBXBuildFile; fileRef = 0465BB272C6BBDB900AF9031 /* GroceriesViewModel.swift */; };
		0465BB2B2C6BC09D00AF9031 /* CalendarViewModel.swift in Sources */ = {isa = PBXBuildFile; fileRef = 0465BB2A2C6BC09D00AF9031 /* CalendarViewModel.swift */; };
		0465BB2D2C6BC0AF00AF9031 /* GroceryItem.swift in Sources */ = {isa = PBXBuildFile; fileRef = 0465BB2C2C6BC0AF00AF9031 /* GroceryItem.swift */; };
		0465BB2F2C6BC0BF00AF9031 /* TaskItem.swift in Sources */ = {isa = PBXBuildFile; fileRef = 0465BB2E2C6BC0BF00AF9031 /* TaskItem.swift */; };
		0465BB312C6BC0E200AF9031 /* CalendarItem.swift in Sources */ = {isa = PBXBuildFile; fileRef = 0465BB302C6BC0E200AF9031 /* CalendarItem.swift */; };
		0465BB342C6BE50300AF9031 /* Groceries.json in Resources */ = {isa = PBXBuildFile; fileRef = 0465BB332C6BE50300AF9031 /* Groceries.json */; };
		04B150612C7B92DA00942A1C /* CheckmarkView.swift in Sources */ = {isa = PBXBuildFile; fileRef = 04B150602C7B92DA00942A1C /* CheckmarkView.swift */; };
		04B892F22C84ED2500BAB78E /* GroceriesGridItemView.swift in Sources */ = {isa = PBXBuildFile; fileRef = 04B892F12C84ED2500BAB78E /* GroceriesGridItemView.swift */; };
		04B892F62C84ED4600BAB78E /* GroceriesListItemView.swift in Sources */ = {isa = PBXBuildFile; fileRef = 04B892F52C84ED4600BAB78E /* GroceriesListItemView.swift */; };
		04B892F92C84EFB900BAB78E /* StorageKey.swift in Sources */ = {isa = PBXBuildFile; fileRef = 04B892F82C84EFB900BAB78E /* StorageKey.swift */; };
		04B892FC2C84F14D00BAB78E /* Storage.swift in Sources */ = {isa = PBXBuildFile; fileRef = 04B892FB2C84F14D00BAB78E /* Storage.swift */; };
		04EFD88B2C7D0CD7002DF9F7 /* ScaleButtonStyle.swift in Sources */ = {isa = PBXBuildFile; fileRef = 04EFD88A2C7D0CD7002DF9F7 /* ScaleButtonStyle.swift */; };
/* End PBXBuildFile section */

/* Begin PBXFileReference section */
		0409C5DD2C6BF48400EB5CE1 /* sort-xcode-project-files.pl */ = {isa = PBXFileReference; fileEncoding = 4; lastKnownFileType = text.script.perl; path = "sort-xcode-project-files.pl"; sourceTree = "<group>"; };
		041AB6B32C8372C600854659 /* MainTabViewModel.swift */ = {isa = PBXFileReference; lastKnownFileType = sourcecode.swift; path = MainTabViewModel.swift; sourceTree = "<group>"; };
		041AB6B72C83768400854659 /* TabItemType.swift */ = {isa = PBXFileReference; lastKnownFileType = sourcecode.swift; path = TabItemType.swift; sourceTree = "<group>"; };
		0465BB082C6BB3DE00AF9031 /* Agenda.app */ = {isa = PBXFileReference; explicitFileType = wrapper.application; includeInIndex = 0; path = Agenda.app; sourceTree = BUILT_PRODUCTS_DIR; };
		0465BB0B2C6BB3DE00AF9031 /* AgendaApp.swift */ = {isa = PBXFileReference; lastKnownFileType = sourcecode.swift; path = AgendaApp.swift; sourceTree = "<group>"; };
		0465BB0D2C6BB3DE00AF9031 /* MainTabView.swift */ = {isa = PBXFileReference; lastKnownFileType = sourcecode.swift; path = MainTabView.swift; sourceTree = "<group>"; };
		0465BB0F2C6BB3DF00AF9031 /* Assets.xcassets */ = {isa = PBXFileReference; lastKnownFileType = folder.assetcatalog; path = Assets.xcassets; sourceTree = "<group>"; };
		0465BB122C6BB3DF00AF9031 /* Preview Assets.xcassets */ = {isa = PBXFileReference; lastKnownFileType = folder.assetcatalog; path = "Preview Assets.xcassets"; sourceTree = "<group>"; };
		0465BB1F2C6BBD5400AF9031 /* CalendarView.swift */ = {isa = PBXFileReference; lastKnownFileType = sourcecode.swift; path = CalendarView.swift; sourceTree = "<group>"; };
		0465BB212C6BBD5B00AF9031 /* GroceriesView.swift */ = {isa = PBXFileReference; lastKnownFileType = sourcecode.swift; path = GroceriesView.swift; sourceTree = "<group>"; };
		0465BB232C6BBD6500AF9031 /* TaskView.swift */ = {isa = PBXFileReference; lastKnownFileType = sourcecode.swift; path = TaskView.swift; sourceTree = "<group>"; };
		0465BB252C6BBD8F00AF9031 /* TaskViewModel.swift */ = {isa = PBXFileReference; lastKnownFileType = sourcecode.swift; path = TaskViewModel.swift; sourceTree = "<group>"; };
		0465BB272C6BBDB900AF9031 /* GroceriesViewModel.swift */ = {isa = PBXFileReference; lastKnownFileType = sourcecode.swift; path = GroceriesViewModel.swift; sourceTree = "<group>"; };
		0465BB2A2C6BC09D00AF9031 /* CalendarViewModel.swift */ = {isa = PBXFileReference; lastKnownFileType = sourcecode.swift; path = CalendarViewModel.swift; sourceTree = "<group>"; };
		0465BB2C2C6BC0AF00AF9031 /* GroceryItem.swift */ = {isa = PBXFileReference; lastKnownFileType = sourcecode.swift; path = GroceryItem.swift; sourceTree = "<group>"; };
		0465BB2E2C6BC0BF00AF9031 /* TaskItem.swift */ = {isa = PBXFileReference; lastKnownFileType = sourcecode.swift; path = TaskItem.swift; sourceTree = "<group>"; };
		0465BB302C6BC0E200AF9031 /* CalendarItem.swift */ = {isa = PBXFileReference; lastKnownFileType = sourcecode.swift; path = CalendarItem.swift; sourceTree = "<group>"; };
		0465BB332C6BE50300AF9031 /* Groceries.json */ = {isa = PBXFileReference; lastKnownFileType = text.json; path = Groceries.json; sourceTree = "<group>"; };
		04B150602C7B92DA00942A1C /* CheckmarkView.swift */ = {isa = PBXFileReference; lastKnownFileType = sourcecode.swift; path = CheckmarkView.swift; sourceTree = "<group>"; };
		04B892F12C84ED2500BAB78E /* GroceriesGridItemView.swift */ = {isa = PBXFileReference; fileEncoding = 4; lastKnownFileType = sourcecode.swift; path = GroceriesGridItemView.swift; sourceTree = "<group>"; };
		04B892F52C84ED4600BAB78E /* GroceriesListItemView.swift */ = {isa = PBXFileReference; fileEncoding = 4; lastKnownFileType = sourcecode.swift; path = GroceriesListItemView.swift; sourceTree = "<group>"; };
		04B892F82C84EFB900BAB78E /* StorageKey.swift */ = {isa = PBXFileReference; lastKnownFileType = sourcecode.swift; path = StorageKey.swift; sourceTree = "<group>"; };
		04B892FB2C84F14D00BAB78E /* Storage.swift */ = {isa = PBXFileReference; lastKnownFileType = sourcecode.swift; path = Storage.swift; sourceTree = "<group>"; };
		04EFD88A2C7D0CD7002DF9F7 /* ScaleButtonStyle.swift */ = {isa = PBXFileReference; lastKnownFileType = sourcecode.swift; path = ScaleButtonStyle.swift; sourceTree = "<group>"; };
/* End PBXFileReference section */

/* Begin PBXFrameworksBuildPhase section */
		0465BB052C6BB3DE00AF9031 /* Frameworks */ = {
			isa = PBXFrameworksBuildPhase;
			buildActionMask = 2147483647;
			files = (
			);
			runOnlyForDeploymentPostprocessing = 0;
		};
/* End PBXFrameworksBuildPhase section */

/* Begin PBXGroup section */
		0409C5DC2C6BF48400EB5CE1 /* Script */ = {
			isa = PBXGroup;
			children = (
				0409C5DD2C6BF48400EB5CE1 /* sort-xcode-project-files.pl */,
			);
			path = Script;
			sourceTree = "<group>";
		};
		041AB6B22C8370AB00854659 /* MainView */ = {
			isa = PBXGroup;
			children = (
				0465BB0D2C6BB3DE00AF9031 /* MainTabView.swift */,
				041AB6B32C8372C600854659 /* MainTabViewModel.swift */,
				041AB6B72C83768400854659 /* TabItemType.swift */,
			);
			path = MainView;
			sourceTree = "<group>";
		};
		041AB6B52C83763100854659 /* Style */ = {
			isa = PBXGroup;
			children = (
			);
			path = Style;
			sourceTree = "<group>";
		};
		0465BAFF2C6BB3DE00AF9031 = {
			isa = PBXGroup;
			children = (
				0465BB0A2C6BB3DE00AF9031 /* Agenda */,
				0465BB092C6BB3DE00AF9031 /* Products */,
			);
			sourceTree = "<group>";
		};
		0465BB092C6BB3DE00AF9031 /* Products */ = {
			isa = PBXGroup;
			children = (
				0465BB082C6BB3DE00AF9031 /* Agenda.app */,
			);
			name = Products;
			sourceTree = "<group>";
		};
		0465BB0A2C6BB3DE00AF9031 /* Agenda */ = {
			isa = PBXGroup;
			children = (
				0465BB192C6BB4A600AF9031 /* Data */,
				04B5B8E82C7CF86000351154 /* Domain */,
				0465BB1A2C6BB4AC00AF9031 /* Presentation */,
				0465BB112C6BB3DF00AF9031 /* Preview Content */,
				0465BB1B2C6BB4B400AF9031 /* Resources */,
				0409C5DC2C6BF48400EB5CE1 /* Script */,
			);
			path = Agenda;
			sourceTree = "<group>";
		};
		0465BB112C6BB3DF00AF9031 /* Preview Content */ = {
			isa = PBXGroup;
			children = (
				0465BB122C6BB3DF00AF9031 /* Preview Assets.xcassets */,
			);
			path = "Preview Content";
			sourceTree = "<group>";
		};
		0465BB192C6BB4A600AF9031 /* Data */ = {
			isa = PBXGroup;
			children = (
				0465BB322C6BE4DD00AF9031 /* Json */,
				04B892FA2C84F14400BAB78E /* Storage */,
			);
			path = Data;
			sourceTree = "<group>";
		};
		0465BB1A2C6BB4AC00AF9031 /* Presentation */ = {
			isa = PBXGroup;
			children = (
				0465BB1D2C6BBD2700AF9031 /* CalendarView */,
				04D191CC2C7B925900962B0D /* Components */,
				0465BB1E2C6BBD2D00AF9031 /* GroceriesView */,
				041AB6B22C8370AB00854659 /* MainView */,
				041AB6B52C83763100854659 /* Style */,
				0465BB1C2C6BBD2000AF9031 /* TaskView */,
				0465BB0B2C6BB3DE00AF9031 /* AgendaApp.swift */,
			);
			path = Presentation;
			sourceTree = "<group>";
		};
		0465BB1B2C6BB4B400AF9031 /* Resources */ = {
			isa = PBXGroup;
			children = (
				0465BB0F2C6BB3DF00AF9031 /* Assets.xcassets */,
			);
			path = Resources;
			sourceTree = "<group>";
		};
		0465BB1C2C6BBD2000AF9031 /* TaskView */ = {
			isa = PBXGroup;
			children = (
				0465BB232C6BBD6500AF9031 /* TaskView.swift */,
				0465BB252C6BBD8F00AF9031 /* TaskViewModel.swift */,
			);
			path = TaskView;
			sourceTree = "<group>";
		};
		0465BB1D2C6BBD2700AF9031 /* CalendarView */ = {
			isa = PBXGroup;
			children = (
				0465BB1F2C6BBD5400AF9031 /* CalendarView.swift */,
				0465BB2A2C6BC09D00AF9031 /* CalendarViewModel.swift */,
			);
			path = CalendarView;
			sourceTree = "<group>";
		};
		0465BB1E2C6BBD2D00AF9031 /* GroceriesView */ = {
			isa = PBXGroup;
			children = (
				04B892F12C84ED2500BAB78E /* GroceriesGridItemView.swift */,
				04B892F52C84ED4600BAB78E /* GroceriesListItemView.swift */,
				0465BB212C6BBD5B00AF9031 /* GroceriesView.swift */,
				0465BB272C6BBDB900AF9031 /* GroceriesViewModel.swift */,
			);
			path = GroceriesView;
			sourceTree = "<group>";
		};
		0465BB292C6BC08400AF9031 /* Model */ = {
			isa = PBXGroup;
			children = (
				0465BB302C6BC0E200AF9031 /* CalendarItem.swift */,
				0465BB2C2C6BC0AF00AF9031 /* GroceryItem.swift */,
				0465BB2E2C6BC0BF00AF9031 /* TaskItem.swift */,
			);
			path = Model;
			sourceTree = "<group>";
		};
		0465BB322C6BE4DD00AF9031 /* Json */ = {
			isa = PBXGroup;
			children = (
				0465BB332C6BE50300AF9031 /* Groceries.json */,
			);
			path = Json;
			sourceTree = "<group>";
		};
		04B5B8E82C7CF86000351154 /* Domain */ = {
			isa = PBXGroup;
			children = (
				0465BB292C6BC08400AF9031 /* Model */,
				04B892F72C84EF9B00BAB78E /* Storage */,
			);
			path = Domain;
			sourceTree = "<group>";
		};
		04B892F72C84EF9B00BAB78E /* Storage */ = {
			isa = PBXGroup;
			children = (
				04B892F82C84EFB900BAB78E /* StorageKey.swift */,
			);
			path = Storage;
			sourceTree = "<group>";
		};
		04B892FA2C84F14400BAB78E /* Storage */ = {
			isa = PBXGroup;
			children = (
				04B892FB2C84F14D00BAB78E /* Storage.swift */,
			);
			path = Storage;
			sourceTree = "<group>";
		};
		04D191CC2C7B925900962B0D /* Components */ = {
			isa = PBXGroup;
			children = (
				04B150602C7B92DA00942A1C /* CheckmarkView.swift */,
				04EFD88A2C7D0CD7002DF9F7 /* ScaleButtonStyle.swift */,
			);
			path = Components;
			sourceTree = "<group>";
		};
/* End PBXGroup section */

/* Begin PBXNativeTarget section */
		0465BB072C6BB3DE00AF9031 /* Agenda */ = {
			isa = PBXNativeTarget;
			buildConfigurationList = 0465BB162C6BB3DF00AF9031 /* Build configuration list for PBXNativeTarget "Agenda" */;
			buildPhases = (
				0465BB042C6BB3DE00AF9031 /* Sources */,
				0465BB052C6BB3DE00AF9031 /* Frameworks */,
				0465BB062C6BB3DE00AF9031 /* Resources */,
				0409C5DB2C6BF3D200EB5CE1 /* Sort Files */,
			);
			buildRules = (
			);
			dependencies = (
			);
			name = Agenda;
			productName = Agenda;
			productReference = 0465BB082C6BB3DE00AF9031 /* Agenda.app */;
			productType = "com.apple.product-type.application";
		};
/* End PBXNativeTarget section */

/* Begin PBXProject section */
		0465BB002C6BB3DE00AF9031 /* Project object */ = {
			isa = PBXProject;
			attributes = {
				BuildIndependentTargetsInParallel = 1;
				LastSwiftUpdateCheck = 1500;
				LastUpgradeCheck = 1500;
				TargetAttributes = {
					0465BB072C6BB3DE00AF9031 = {
						CreatedOnToolsVersion = 15.0.1;
					};
				};
			};
			buildConfigurationList = 0465BB032C6BB3DE00AF9031 /* Build configuration list for PBXProject "Agenda" */;
			compatibilityVersion = "Xcode 14.0";
			developmentRegion = en;
			hasScannedForEncodings = 0;
			knownRegions = (
				en,
				Base,
			);
			mainGroup = 0465BAFF2C6BB3DE00AF9031;
			productRefGroup = 0465BB092C6BB3DE00AF9031 /* Products */;
			projectDirPath = "";
			projectRoot = "";
			targets = (
				0465BB072C6BB3DE00AF9031 /* Agenda */,
			);
		};
/* End PBXProject section */

/* Begin PBXResourcesBuildPhase section */
		0465BB062C6BB3DE00AF9031 /* Resources */ = {
			isa = PBXResourcesBuildPhase;
			buildActionMask = 2147483647;
			files = (
				0465BB102C6BB3DF00AF9031 /* Assets.xcassets in Resources */,
				0465BB342C6BE50300AF9031 /* Groceries.json in Resources */,
				0465BB132C6BB3DF00AF9031 /* Preview Assets.xcassets in Resources */,
			);
			runOnlyForDeploymentPostprocessing = 0;
		};
/* End PBXResourcesBuildPhase section */

/* Begin PBXShellScriptBuildPhase section */
		0409C5DB2C6BF3D200EB5CE1 /* Sort Files */ = {
			isa = PBXShellScriptBuildPhase;
			alwaysOutOfDate = 1;
			buildActionMask = 12;
			files = (
			);
			inputFileListPaths = (
			);
			inputPaths = (
			);
			name = "Sort Files";
			outputFileListPaths = (
			);
			outputPaths = (
			);
			runOnlyForDeploymentPostprocessing = 0;
			shellPath = /bin/sh;
			shellScript = "perl \"./Agenda/Script/sort-xcode-project-files.pl\" \"Agenda.xcodeproj\"\n";
		};
/* End PBXShellScriptBuildPhase section */

/* Begin PBXSourcesBuildPhase section */
		0465BB042C6BB3DE00AF9031 /* Sources */ = {
			isa = PBXSourcesBuildPhase;
			buildActionMask = 2147483647;
			files = (
				0465BB0C2C6BB3DE00AF9031 /* AgendaApp.swift in Sources */,
				0465BB312C6BC0E200AF9031 /* CalendarItem.swift in Sources */,
				0465BB202C6BBD5400AF9031 /* CalendarView.swift in Sources */,
				0465BB2B2C6BC09D00AF9031 /* CalendarViewModel.swift in Sources */,
				04B150612C7B92DA00942A1C /* CheckmarkView.swift in Sources */,
				04B892F22C84ED2500BAB78E /* GroceriesGridItemView.swift in Sources */,
				04B892F62C84ED4600BAB78E /* GroceriesListItemView.swift in Sources */,
				0465BB222C6BBD5B00AF9031 /* GroceriesView.swift in Sources */,
				0465BB282C6BBDB900AF9031 /* GroceriesViewModel.swift in Sources */,
				0465BB2D2C6BC0AF00AF9031 /* GroceryItem.swift in Sources */,
				0465BB0E2C6BB3DE00AF9031 /* MainTabView.swift in Sources */,
				041AB6B42C8372C600854659 /* MainTabViewModel.swift in Sources */,
				04EFD88B2C7D0CD7002DF9F7 /* ScaleButtonStyle.swift in Sources */,
				04B892FC2C84F14D00BAB78E /* Storage.swift in Sources */,
				04B892F92C84EFB900BAB78E /* StorageKey.swift in Sources */,
				041AB6B82C83768400854659 /* TabItemType.swift in Sources */,
				0465BB2F2C6BC0BF00AF9031 /* TaskItem.swift in Sources */,
				0465BB242C6BBD6500AF9031 /* TaskView.swift in Sources */,
				0465BB262C6BBD8F00AF9031 /* TaskViewModel.swift in Sources */,
			);
			runOnlyForDeploymentPostprocessing = 0;
		};
/* End PBXSourcesBuildPhase section */

/* Begin XCBuildConfiguration section */
		0465BB142C6BB3DF00AF9031 /* Debug */ = {
			isa = XCBuildConfiguration;
			buildSettings = {
				ALWAYS_SEARCH_USER_PATHS = NO;
				ASSETCATALOG_COMPILER_GENERATE_SWIFT_ASSET_SYMBOL_EXTENSIONS = YES;
				CLANG_ANALYZER_NONNULL = YES;
				CLANG_ANALYZER_NUMBER_OBJECT_CONVERSION = YES_AGGRESSIVE;
				CLANG_CXX_LANGUAGE_STANDARD = "gnu++20";
				CLANG_ENABLE_MODULES = YES;
				CLANG_ENABLE_OBJC_ARC = YES;
				CLANG_ENABLE_OBJC_WEAK = YES;
				CLANG_WARN_BLOCK_CAPTURE_AUTORELEASING = YES;
				CLANG_WARN_BOOL_CONVERSION = YES;
				CLANG_WARN_COMMA = YES;
				CLANG_WARN_CONSTANT_CONVERSION = YES;
				CLANG_WARN_DEPRECATED_OBJC_IMPLEMENTATIONS = YES;
				CLANG_WARN_DIRECT_OBJC_ISA_USAGE = YES_ERROR;
				CLANG_WARN_DOCUMENTATION_COMMENTS = YES;
				CLANG_WARN_EMPTY_BODY = YES;
				CLANG_WARN_ENUM_CONVERSION = YES;
				CLANG_WARN_INFINITE_RECURSION = YES;
				CLANG_WARN_INT_CONVERSION = YES;
				CLANG_WARN_NON_LITERAL_NULL_CONVERSION = YES;
				CLANG_WARN_OBJC_IMPLICIT_RETAIN_SELF = YES;
				CLANG_WARN_OBJC_LITERAL_CONVERSION = YES;
				CLANG_WARN_OBJC_ROOT_CLASS = YES_ERROR;
				CLANG_WARN_QUOTED_INCLUDE_IN_FRAMEWORK_HEADER = YES;
				CLANG_WARN_RANGE_LOOP_ANALYSIS = YES;
				CLANG_WARN_STRICT_PROTOTYPES = YES;
				CLANG_WARN_SUSPICIOUS_MOVE = YES;
				CLANG_WARN_UNGUARDED_AVAILABILITY = YES_AGGRESSIVE;
				CLANG_WARN_UNREACHABLE_CODE = YES;
				CLANG_WARN__DUPLICATE_METHOD_MATCH = YES;
				COPY_PHASE_STRIP = NO;
				DEBUG_INFORMATION_FORMAT = dwarf;
				ENABLE_STRICT_OBJC_MSGSEND = YES;
				ENABLE_TESTABILITY = YES;
				ENABLE_USER_SCRIPT_SANDBOXING = NO;
				GCC_C_LANGUAGE_STANDARD = gnu17;
				GCC_DYNAMIC_NO_PIC = NO;
				GCC_NO_COMMON_BLOCKS = YES;
				GCC_OPTIMIZATION_LEVEL = 0;
				GCC_PREPROCESSOR_DEFINITIONS = (
					"DEBUG=1",
					"$(inherited)",
				);
				GCC_WARN_64_TO_32_BIT_CONVERSION = YES;
				GCC_WARN_ABOUT_RETURN_TYPE = YES_ERROR;
				GCC_WARN_UNDECLARED_SELECTOR = YES;
				GCC_WARN_UNINITIALIZED_AUTOS = YES_AGGRESSIVE;
				GCC_WARN_UNUSED_FUNCTION = YES;
				GCC_WARN_UNUSED_VARIABLE = YES;
				IPHONEOS_DEPLOYMENT_TARGET = 17.0;
				LOCALIZATION_PREFERS_STRING_CATALOGS = YES;
				MTL_ENABLE_DEBUG_INFO = INCLUDE_SOURCE;
				MTL_FAST_MATH = YES;
				ONLY_ACTIVE_ARCH = YES;
				SDKROOT = iphoneos;
				SWIFT_ACTIVE_COMPILATION_CONDITIONS = "DEBUG $(inherited)";
				SWIFT_OPTIMIZATION_LEVEL = "-Onone";
			};
			name = Debug;
		};
		0465BB152C6BB3DF00AF9031 /* Release */ = {
			isa = XCBuildConfiguration;
			buildSettings = {
				ALWAYS_SEARCH_USER_PATHS = NO;
				ASSETCATALOG_COMPILER_GENERATE_SWIFT_ASSET_SYMBOL_EXTENSIONS = YES;
				CLANG_ANALYZER_NONNULL = YES;
				CLANG_ANALYZER_NUMBER_OBJECT_CONVERSION = YES_AGGRESSIVE;
				CLANG_CXX_LANGUAGE_STANDARD = "gnu++20";
				CLANG_ENABLE_MODULES = YES;
				CLANG_ENABLE_OBJC_ARC = YES;
				CLANG_ENABLE_OBJC_WEAK = YES;
				CLANG_WARN_BLOCK_CAPTURE_AUTORELEASING = YES;
				CLANG_WARN_BOOL_CONVERSION = YES;
				CLANG_WARN_COMMA = YES;
				CLANG_WARN_CONSTANT_CONVERSION = YES;
				CLANG_WARN_DEPRECATED_OBJC_IMPLEMENTATIONS = YES;
				CLANG_WARN_DIRECT_OBJC_ISA_USAGE = YES_ERROR;
				CLANG_WARN_DOCUMENTATION_COMMENTS = YES;
				CLANG_WARN_EMPTY_BODY = YES;
				CLANG_WARN_ENUM_CONVERSION = YES;
				CLANG_WARN_INFINITE_RECURSION = YES;
				CLANG_WARN_INT_CONVERSION = YES;
				CLANG_WARN_NON_LITERAL_NULL_CONVERSION = YES;
				CLANG_WARN_OBJC_IMPLICIT_RETAIN_SELF = YES;
				CLANG_WARN_OBJC_LITERAL_CONVERSION = YES;
				CLANG_WARN_OBJC_ROOT_CLASS = YES_ERROR;
				CLANG_WARN_QUOTED_INCLUDE_IN_FRAMEWORK_HEADER = YES;
				CLANG_WARN_RANGE_LOOP_ANALYSIS = YES;
				CLANG_WARN_STRICT_PROTOTYPES = YES;
				CLANG_WARN_SUSPICIOUS_MOVE = YES;
				CLANG_WARN_UNGUARDED_AVAILABILITY = YES_AGGRESSIVE;
				CLANG_WARN_UNREACHABLE_CODE = YES;
				CLANG_WARN__DUPLICATE_METHOD_MATCH = YES;
				COPY_PHASE_STRIP = NO;
				DEBUG_INFORMATION_FORMAT = "dwarf-with-dsym";
				ENABLE_NS_ASSERTIONS = NO;
				ENABLE_STRICT_OBJC_MSGSEND = YES;
				ENABLE_USER_SCRIPT_SANDBOXING = NO;
				GCC_C_LANGUAGE_STANDARD = gnu17;
				GCC_NO_COMMON_BLOCKS = YES;
				GCC_WARN_64_TO_32_BIT_CONVERSION = YES;
				GCC_WARN_ABOUT_RETURN_TYPE = YES_ERROR;
				GCC_WARN_UNDECLARED_SELECTOR = YES;
				GCC_WARN_UNINITIALIZED_AUTOS = YES_AGGRESSIVE;
				GCC_WARN_UNUSED_FUNCTION = YES;
				GCC_WARN_UNUSED_VARIABLE = YES;
				IPHONEOS_DEPLOYMENT_TARGET = 17.0;
				LOCALIZATION_PREFERS_STRING_CATALOGS = YES;
				MTL_ENABLE_DEBUG_INFO = NO;
				MTL_FAST_MATH = YES;
				SDKROOT = iphoneos;
				SWIFT_COMPILATION_MODE = wholemodule;
				VALIDATE_PRODUCT = YES;
			};
			name = Release;
		};
		0465BB172C6BB3DF00AF9031 /* Debug */ = {
			isa = XCBuildConfiguration;
			buildSettings = {
				ASSETCATALOG_COMPILER_APPICON_NAME = AppIcon;
				ASSETCATALOG_COMPILER_GLOBAL_ACCENT_COLOR_NAME = AccentColor;
				CODE_SIGN_STYLE = Automatic;
				CURRENT_PROJECT_VERSION = 1;
				DEVELOPMENT_ASSET_PATHS = "\"Agenda/Preview Content\"";
				DEVELOPMENT_TEAM = RPS376AZ93;
				ENABLE_PREVIEWS = YES;
				GENERATE_INFOPLIST_FILE = YES;
				INFOPLIST_KEY_UIApplicationSceneManifest_Generation = YES;
				INFOPLIST_KEY_UIApplicationSupportsIndirectInputEvents = YES;
				INFOPLIST_KEY_UILaunchScreen_Generation = YES;
				INFOPLIST_KEY_UISupportedInterfaceOrientations_iPad = "UIInterfaceOrientationPortrait UIInterfaceOrientationPortraitUpsideDown UIInterfaceOrientationLandscapeLeft UIInterfaceOrientationLandscapeRight";
				INFOPLIST_KEY_UISupportedInterfaceOrientations_iPhone = "UIInterfaceOrientationPortrait UIInterfaceOrientationLandscapeLeft UIInterfaceOrientationLandscapeRight";
				IPHONEOS_DEPLOYMENT_TARGET = 15.0;
				LD_RUNPATH_SEARCH_PATHS = (
					"$(inherited)",
					"@executable_path/Frameworks",
				);
				MARKETING_VERSION = 1.0;
				PRODUCT_BUNDLE_IDENTIFIER = pragman86.Agenda;
				PRODUCT_NAME = "$(TARGET_NAME)";
				SUPPORTED_PLATFORMS = "iphoneos iphonesimulator";
				SUPPORTS_MACCATALYST = NO;
				SUPPORTS_MAC_DESIGNED_FOR_IPHONE_IPAD = NO;
				SWIFT_EMIT_LOC_STRINGS = YES;
				SWIFT_VERSION = 5.0;
				TARGETED_DEVICE_FAMILY = 1;
			};
			name = Debug;
		};
		0465BB182C6BB3DF00AF9031 /* Release */ = {
			isa = XCBuildConfiguration;
			buildSettings = {
				ASSETCATALOG_COMPILER_APPICON_NAME = AppIcon;
				ASSETCATALOG_COMPILER_GLOBAL_ACCENT_COLOR_NAME = AccentColor;
				CODE_SIGN_STYLE = Automatic;
				CURRENT_PROJECT_VERSION = 1;
				DEVELOPMENT_ASSET_PATHS = "\"Agenda/Preview Content\"";
				DEVELOPMENT_TEAM = RPS376AZ93;
				ENABLE_PREVIEWS = YES;
				GENERATE_INFOPLIST_FILE = YES;
				INFOPLIST_KEY_UIApplicationSceneManifest_Generation = YES;
				INFOPLIST_KEY_UIApplicationSupportsIndirectInputEvents = YES;
				INFOPLIST_KEY_UILaunchScreen_Generation = YES;
				INFOPLIST_KEY_UISupportedInterfaceOrientations_iPad = "UIInterfaceOrientationPortrait UIInterfaceOrientationPortraitUpsideDown UIInterfaceOrientationLandscapeLeft UIInterfaceOrientationLandscapeRight";
				INFOPLIST_KEY_UISupportedInterfaceOrientations_iPhone = "UIInterfaceOrientationPortrait UIInterfaceOrientationLandscapeLeft UIInterfaceOrientationLandscapeRight";
				IPHONEOS_DEPLOYMENT_TARGET = 15.0;
				LD_RUNPATH_SEARCH_PATHS = (
					"$(inherited)",
					"@executable_path/Frameworks",
				);
				MARKETING_VERSION = 1.0;
				PRODUCT_BUNDLE_IDENTIFIER = pragman86.Agenda;
				PRODUCT_NAME = "$(TARGET_NAME)";
				SUPPORTED_PLATFORMS = "iphoneos iphonesimulator";
				SUPPORTS_MACCATALYST = NO;
				SUPPORTS_MAC_DESIGNED_FOR_IPHONE_IPAD = NO;
				SWIFT_EMIT_LOC_STRINGS = YES;
				SWIFT_VERSION = 5.0;
				TARGETED_DEVICE_FAMILY = 1;
			};
			name = Release;
		};
/* End XCBuildConfiguration section */

/* Begin XCConfigurationList section */
		0465BB032C6BB3DE00AF9031 /* Build configuration list for PBXProject "Agenda" */ = {
			isa = XCConfigurationList;
			buildConfigurations = (
				0465BB142C6BB3DF00AF9031 /* Debug */,
				0465BB152C6BB3DF00AF9031 /* Release */,
			);
			defaultConfigurationIsVisible = 0;
			defaultConfigurationName = Release;
		};
		0465BB162C6BB3DF00AF9031 /* Build configuration list for PBXNativeTarget "Agenda" */ = {
			isa = XCConfigurationList;
			buildConfigurations = (
				0465BB172C6BB3DF00AF9031 /* Debug */,
				0465BB182C6BB3DF00AF9031 /* Release */,
			);
			defaultConfigurationIsVisible = 0;
			defaultConfigurationName = Release;
		};
/* End XCConfigurationList section */
	};
	rootObject = 0465BB002C6BB3DE00AF9031 /* Project object */;
}
